<Solution>
  <Folder Name="/src/">
    <Project Path="src/NexusLabs.Narnia.Core/NexusLabs.Narnia.Core.csproj" />
    <Project Path="src/NexusLabs.Narnia.Web/NexusLabs.Narnia.Web.csproj" />
  </Folder>
  <Folder Name="/tests/">
    <Project Path="tests/NexusLabs.Narnia.Core.Tests/NexusLabs.Narnia.Core.Tests.csproj" />
    <Project Path="tests/NexusLabs.Narnia.Guidance.Tests/NexusLabs.Narnia.Guidance.Tests.csproj" />
    <Project Path="tests/NexusLabs.Narnia.Web.Tests/NexusLabs.Narnia.Web.Tests.csproj" />
  </Folder>
</Solution>
